
Microsoft Visual Studio Solution File, Format Version 12.00
# Visual Studio Version 16
VisualStudioVersion = 16.0.30413.136
MinimumVisualStudioVersion = 10.0.40219.1
Project("{FAE04EC0-301F-11D3-BF4B-00C04F79EFBC}") = "Matrizes", "Matrizes\Matrizes.csproj", "{5E03698C-841D-430D-B09B-2FBFA3C2F1DA}"
EndProject
Global
	GlobalSection(SolutionConfigurationPlatforms) = preSolution
		Debug|Any CPU = Debug|Any CPU
		Release|Any CPU = Release|Any CPU
	EndGlobalSection
	GlobalSection(ProjectConfigurationPlatforms) = postSolution
		{5E03698C-841D-430D-B09B-2FBFA3C2F1DA}.Debug|Any CPU.ActiveCfg = Debug|Any CPU
		{5E03698C-841D-430D-B09B-2FBFA3C2F1DA}.Debug|Any CPU.Build.0 = Debug|Any CPU
		{5E03698C-841D-430D-B09B-2FBFA3C2F1DA}.Release|Any CPU.ActiveCfg = Release|Any CPU
		{5E03698C-841D-430D-B09B-2FBFA3C2F1DA}.Release|Any CPU.Build.0 = Release|Any CPU
	EndGlobalSection
	GlobalSection(SolutionProperties) = preSolution
		HideSolutionNode = FALSE
	EndGlobalSection
	GlobalSection(ExtensibilityGlobals) = postSolution
		SolutionGuid = {8C06C49E-3204-4E38-AD49-CDCA8F0055BA}
	EndGlobalSection
EndGlobal
